# THIS IS AN AUTOGENERATED FILE. DO NOT EDIT THIS FILE DIRECTLY.
# yarn lockfile v1


h5-indicator@^1.0.9:
  version "1.0.9"
  resolved "https://registry.yarnpkg.com/h5-indicator/-/h5-indicator-1.0.9.tgz#88219ef6cd528e1fd143d3f4ea69c6ae1b80a265"
  integrity sha512-+uEKlm/VWERnslet/k8IWaG0qjuhhET5K7yzitsCuEpsJLTriHnUdaOcW1qVLX1DFt1fY8gYYrDvsH4cmu5l9w==
  dependencies:
    p-to-r "^1.0.4"

p-to-r@^1.0.4:
  version "1.0.4"
  resolved "https://registry.yarnpkg.com/p-to-r/-/p-to-r-1.0.4.tgz#1856b07f82c73b5cefcb4413810e687a556a766e"
  integrity sha512-kkfoAJ9adof+s5oJdF+xGrfubD0BYWyxQkEZp/1SY5mX8vDmMNET+pug90/hk5XHp3rRHTApGHZXMTYoT8vcbA==
